{
  "requires": true,
  "lockfileVersion": 1,
  "dependencies": {
    "mappa-mundi": {
      "version": "0.0.5",
      "resolved": "https://registry.npmjs.org/mappa-mundi/-/mappa-mundi-0.0.5.tgz",
      "integrity": "sha512-Tf9xk8kEvl2DKpY1V4/qGyRyRp4XU4c0o3JDdJywBartClIqYbKsIeQHfx88YOVkdV1YqgU4iWCVuDXRanc9ng=="
    }
  }
}
